// !$*UTF8*$!
{
	archiveVersion = 1;
	classes = {
	};
	objectVersion = 50;
	objects = {

/* Begin PBXBuildFile section */
		5310100624330D4C001900C0 /* CardView.swift in Sources */ = {isa = PBXBuildFile; fileRef = 5310100524330D4C001900C0 /* CardView.swift */; };
		531227642431AAEA007A7DCD /* HomeViewController.swift in Sources */ = {isa = PBXBuildFile; fileRef = 531227632431AAEA007A7DCD /* HomeViewController.swift */; };
		531227662431FF9B007A7DCD /* InspirationViewController.swift in Sources */ = {isa = PBXBuildFile; fileRef = 531227652431FF9B007A7DCD /* InspirationViewController.swift */; };
		5312276A2432009C007A7DCD /* StoryCell.swift in Sources */ = {isa = PBXBuildFile; fileRef = 531227682432009C007A7DCD /* StoryCell.swift */; };
		5312276B2432009C007A7DCD /* StoryCell.xib in Resources */ = {isa = PBXBuildFile; fileRef = 531227692432009C007A7DCD /* StoryCell.xib */; };
		5312276E2432F665007A7DCD /* Story.swift in Sources */ = {isa = PBXBuildFile; fileRef = 5312276D2432F665007A7DCD /* Story.swift */; };
		538C4AE3242CAC80003F16F4 /* AppDelegate.swift in Sources */ = {isa = PBXBuildFile; fileRef = 538C4AE2242CAC80003F16F4 /* AppDelegate.swift */; };
		538C4AE5242CAC80003F16F4 /* SceneDelegate.swift in Sources */ = {isa = PBXBuildFile; fileRef = 538C4AE4242CAC80003F16F4 /* SceneDelegate.swift */; };
		538C4AEC242CAC82003F16F4 /* Assets.xcassets in Resources */ = {isa = PBXBuildFile; fileRef = 538C4AEB242CAC82003F16F4 /* Assets.xcassets */; };
		538C4AEF242CAC82003F16F4 /* LaunchScreen.storyboard in Resources */ = {isa = PBXBuildFile; fileRef = 538C4AED242CAC82003F16F4 /* LaunchScreen.storyboard */; };
		538DBF8124347591009DA45E /* SplashViewController.swift in Sources */ = {isa = PBXBuildFile; fileRef = 538DBF8024347591009DA45E /* SplashViewController.swift */; };
		538DBF8324351E1C009DA45E /* OnBoardingContentViewController.swift in Sources */ = {isa = PBXBuildFile; fileRef = 538DBF8224351E1C009DA45E /* OnBoardingContentViewController.swift */; };
		538DBF8B243527DD009DA45E /* Roboto-Regular.ttf in Resources */ = {isa = PBXBuildFile; fileRef = 538DBF8A243527DD009DA45E /* Roboto-Regular.ttf */; };
		538DBF8D2435366D009DA45E /* Main.storyboard in Resources */ = {isa = PBXBuildFile; fileRef = 538DBF8C2435366D009DA45E /* Main.storyboard */; };
		538DBF8F243538C9009DA45E /* OnBoarding.storyboard in Resources */ = {isa = PBXBuildFile; fileRef = 538DBF8E243538C9009DA45E /* OnBoarding.storyboard */; };
		538DBF912435467D009DA45E /* OnBoardingPageViewController.swift in Sources */ = {isa = PBXBuildFile; fileRef = 538DBF902435467D009DA45E /* OnBoardingPageViewController.swift */; };
		538DBF9324354C6F009DA45E /* OnBoardingViewController.swift in Sources */ = {isa = PBXBuildFile; fileRef = 538DBF9224354C6F009DA45E /* OnBoardingViewController.swift */; };
/* End PBXBuildFile section */

/* Begin PBXFileReference section */
		5310100524330D4C001900C0 /* CardView.swift */ = {isa = PBXFileReference; lastKnownFileType = sourcecode.swift; path = CardView.swift; sourceTree = "<group>"; };
		531227632431AAEA007A7DCD /* HomeViewController.swift */ = {isa = PBXFileReference; lastKnownFileType = sourcecode.swift; path = HomeViewController.swift; sourceTree = "<group>"; };
		531227652431FF9B007A7DCD /* InspirationViewController.swift */ = {isa = PBXFileReference; lastKnownFileType = sourcecode.swift; path = InspirationViewController.swift; sourceTree = "<group>"; };
		531227682432009C007A7DCD /* StoryCell.swift */ = {isa = PBXFileReference; lastKnownFileType = sourcecode.swift; path = StoryCell.swift; sourceTree = "<group>"; };
		531227692432009C007A7DCD /* StoryCell.xib */ = {isa = PBXFileReference; lastKnownFileType = file.xib; path = StoryCell.xib; sourceTree = "<group>"; };
		5312276D2432F665007A7DCD /* Story.swift */ = {isa = PBXFileReference; lastKnownFileType = sourcecode.swift; path = Story.swift; sourceTree = "<group>"; };
		538C4ADF242CAC80003F16F4 /* Optimin.app */ = {isa = PBXFileReference; explicitFileType = wrapper.application; includeInIndex = 0; path = Optimin.app; sourceTree = BUILT_PRODUCTS_DIR; };
		538C4AE2242CAC80003F16F4 /* AppDelegate.swift */ = {isa = PBXFileReference; lastKnownFileType = sourcecode.swift; path = AppDelegate.swift; sourceTree = "<group>"; };
		538C4AE4242CAC80003F16F4 /* SceneDelegate.swift */ = {isa = PBXFileReference; lastKnownFileType = sourcecode.swift; path = SceneDelegate.swift; sourceTree = "<group>"; };
		538C4AEB242CAC82003F16F4 /* Assets.xcassets */ = {isa = PBXFileReference; lastKnownFileType = folder.assetcatalog; path = Assets.xcassets; sourceTree = "<group>"; };
		538C4AEE242CAC82003F16F4 /* Base */ = {isa = PBXFileReference; lastKnownFileType = file.storyboard; name = Base; path = Base.lproj/LaunchScreen.storyboard; sourceTree = "<group>"; };
		538C4AF0242CAC82003F16F4 /* Info.plist */ = {isa = PBXFileReference; lastKnownFileType = text.plist.xml; path = Info.plist; sourceTree = "<group>"; };
		538DBF8024347591009DA45E /* SplashViewController.swift */ = {isa = PBXFileReference; lastKnownFileType = sourcecode.swift; path = SplashViewController.swift; sourceTree = "<group>"; };
		538DBF8224351E1C009DA45E /* OnBoardingContentViewController.swift */ = {isa = PBXFileReference; lastKnownFileType = sourcecode.swift; path = OnBoardingContentViewController.swift; sourceTree = "<group>"; };
		538DBF8A243527DD009DA45E /* Roboto-Regular.ttf */ = {isa = PBXFileReference; lastKnownFileType = file; path = "Roboto-Regular.ttf"; sourceTree = "<group>"; };
		538DBF8C2435366D009DA45E /* Main.storyboard */ = {isa = PBXFileReference; fileEncoding = 4; lastKnownFileType = file.storyboard; path = Main.storyboard; sourceTree = "<group>"; };
		538DBF8E243538C9009DA45E /* OnBoarding.storyboard */ = {isa = PBXFileReference; lastKnownFileType = file.storyboard; path = OnBoarding.storyboard; sourceTree = "<group>"; };
		538DBF902435467D009DA45E /* OnBoardingPageViewController.swift */ = {isa = PBXFileReference; lastKnownFileType = sourcecode.swift; path = OnBoardingPageViewController.swift; sourceTree = "<group>"; };
		538DBF9224354C6F009DA45E /* OnBoardingViewController.swift */ = {isa = PBXFileReference; lastKnownFileType = sourcecode.swift; path = OnBoardingViewController.swift; sourceTree = "<group>"; };
		538DBF9424359CC4009DA45E /* Optimin.entitlements */ = {isa = PBXFileReference; lastKnownFileType = text.plist.entitlements; path = Optimin.entitlements; sourceTree = "<group>"; };
/* End PBXFileReference section */

/* Begin PBXFrameworksBuildPhase section */
		538C4ADC242CAC80003F16F4 /* Frameworks */ = {
			isa = PBXFrameworksBuildPhase;
			buildActionMask = 2147483647;
			files = (
			);
			runOnlyForDeploymentPostprocessing = 0;
		};
/* End PBXFrameworksBuildPhase section */

/* Begin PBXGroup section */
		53101004243309C6001900C0 /* Exntensions */ = {
			isa = PBXGroup;
			children = (
				5310100524330D4C001900C0 /* CardView.swift */,
			);
			path = Exntensions;
			sourceTree = "<group>";
		};
		531227612431A891007A7DCD /* Resources */ = {
			isa = PBXGroup;
			children = (
				538DBF8C2435366D009DA45E /* Main.storyboard */,
				538C4AEB242CAC82003F16F4 /* Assets.xcassets */,
				538C4AED242CAC82003F16F4 /* LaunchScreen.storyboard */,
				538C4AF0242CAC82003F16F4 /* Info.plist */,
				538DBF8E243538C9009DA45E /* OnBoarding.storyboard */,
			);
			path = Resources;
			sourceTree = "<group>";
		};
		531227622431AA2A007A7DCD /* Controllers */ = {
			isa = PBXGroup;
			children = (
				531227632431AAEA007A7DCD /* HomeViewController.swift */,
				531227652431FF9B007A7DCD /* InspirationViewController.swift */,
				538DBF8024347591009DA45E /* SplashViewController.swift */,
				538DBF8224351E1C009DA45E /* OnBoardingContentViewController.swift */,
				538DBF902435467D009DA45E /* OnBoardingPageViewController.swift */,
				538DBF9224354C6F009DA45E /* OnBoardingViewController.swift */,
			);
			path = Controllers;
			sourceTree = "<group>";
		};
		531227672432001D007A7DCD /* Cells */ = {
			isa = PBXGroup;
			children = (
				531227682432009C007A7DCD /* StoryCell.swift */,
				531227692432009C007A7DCD /* StoryCell.xib */,
			);
			path = Cells;
			sourceTree = "<group>";
		};
		5312276C2432F64C007A7DCD /* Model */ = {
			isa = PBXGroup;
			children = (
				5312276D2432F665007A7DCD /* Story.swift */,
			);
			path = Model;
			sourceTree = "<group>";
		};
		538C4AD6242CAC80003F16F4 = {
			isa = PBXGroup;
			children = (
				538C4AE1242CAC80003F16F4 /* Optimin */,
				538C4AE0242CAC80003F16F4 /* Products */,
			);
			sourceTree = "<group>";
		};
		538C4AE0242CAC80003F16F4 /* Products */ = {
			isa = PBXGroup;
			children = (
				538C4ADF242CAC80003F16F4 /* Optimin.app */,
			);
			name = Products;
			sourceTree = "<group>";
		};
		538C4AE1242CAC80003F16F4 /* Optimin */ = {
			isa = PBXGroup;
			children = (
				538DBF9424359CC4009DA45E /* Optimin.entitlements */,
				538DBF89243527D0009DA45E /* Fonts */,
				538C4AE2242CAC80003F16F4 /* AppDelegate.swift */,
				538C4AE4242CAC80003F16F4 /* SceneDelegate.swift */,
				53101004243309C6001900C0 /* Exntensions */,
				531227612431A891007A7DCD /* Resources */,
				5312276C2432F64C007A7DCD /* Model */,
				531227672432001D007A7DCD /* Cells */,
				531227622431AA2A007A7DCD /* Controllers */,
			);
			path = Optimin;
			sourceTree = "<group>";
		};
		538DBF89243527D0009DA45E /* Fonts */ = {
			isa = PBXGroup;
			children = (
				538DBF8A243527DD009DA45E /* Roboto-Regular.ttf */,
			);
			path = Fonts;
			sourceTree = "<group>";
		};
/* End PBXGroup section */

/* Begin PBXNativeTarget section */
		538C4ADE242CAC80003F16F4 /* Optimin */ = {
			isa = PBXNativeTarget;
			buildConfigurationList = 538C4AF3242CAC82003F16F4 /* Build configuration list for PBXNativeTarget "Optimin" */;
			buildPhases = (
				538C4ADB242CAC80003F16F4 /* Sources */,
				538C4ADC242CAC80003F16F4 /* Frameworks */,
				538C4ADD242CAC80003F16F4 /* Resources */,
			);
			buildRules = (
			);
			dependencies = (
			);
			name = Optimin;
			productName = Optimin;
			productReference = 538C4ADF242CAC80003F16F4 /* Optimin.app */;
			productType = "com.apple.product-type.application";
		};
/* End PBXNativeTarget section */

/* Begin PBXProject section */
		538C4AD7242CAC80003F16F4 /* Project object */ = {
			isa = PBXProject;
			attributes = {
				LastSwiftUpdateCheck = 1130;
				LastUpgradeCheck = 1130;
				ORGANIZATIONNAME = "Reynaldi Wijaya";
				TargetAttributes = {
					538C4ADE242CAC80003F16F4 = {
						CreatedOnToolsVersion = 11.3.1;
					};
				};
			};
			buildConfigurationList = 538C4ADA242CAC80003F16F4 /* Build configuration list for PBXProject "Optimin" */;
			compatibilityVersion = "Xcode 9.3";
			developmentRegion = en;
			hasScannedForEncodings = 0;
			knownRegions = (
				en,
				Base,
			);
			mainGroup = 538C4AD6242CAC80003F16F4;
			productRefGroup = 538C4AE0242CAC80003F16F4 /* Products */;
			projectDirPath = "";
			projectRoot = "";
			targets = (
				538C4ADE242CAC80003F16F4 /* Optimin */,
			);
		};
/* End PBXProject section */

/* Begin PBXResourcesBuildPhase section */
		538C4ADD242CAC80003F16F4 /* Resources */ = {
			isa = PBXResourcesBuildPhase;
			buildActionMask = 2147483647;
			files = (
				538DBF8B243527DD009DA45E /* Roboto-Regular.ttf in Resources */,
				538DBF8D2435366D009DA45E /* Main.storyboard in Resources */,
				538C4AEF242CAC82003F16F4 /* LaunchScreen.storyboard in Resources */,
				538C4AEC242CAC82003F16F4 /* Assets.xcassets in Resources */,
				5312276B2432009C007A7DCD /* StoryCell.xib in Resources */,
				538DBF8F243538C9009DA45E /* OnBoarding.storyboard in Resources */,
			);
			runOnlyForDeploymentPostprocessing = 0;
		};
/* End PBXResourcesBuildPhase section */

/* Begin PBXSourcesBuildPhase section */
		538C4ADB242CAC80003F16F4 /* Sources */ = {
			isa = PBXSourcesBuildPhase;
			buildActionMask = 2147483647;
			files = (
				5312276E2432F665007A7DCD /* Story.swift in Sources */,
				531227662431FF9B007A7DCD /* InspirationViewController.swift in Sources */,
				538DBF912435467D009DA45E /* OnBoardingPageViewController.swift in Sources */,
				538C4AE3242CAC80003F16F4 /* AppDelegate.swift in Sources */,
				538C4AE5242CAC80003F16F4 /* SceneDelegate.swift in Sources */,
				531227642431AAEA007A7DCD /* HomeViewController.swift in Sources */,
				5310100624330D4C001900C0 /* CardView.swift in Sources */,
				538DBF8324351E1C009DA45E /* OnBoardingContentViewController.swift in Sources */,
				5312276A2432009C007A7DCD /* StoryCell.swift in Sources */,
				538DBF8124347591009DA45E /* SplashViewController.swift in Sources */,
				538DBF9324354C6F009DA45E /* OnBoardingViewController.swift in Sources */,
			);
			runOnlyForDeploymentPostprocessing = 0;
		};
/* End PBXSourcesBuildPhase section */

/* Begin PBXVariantGroup section */
		538C4AED242CAC82003F16F4 /* LaunchScreen.storyboard */ = {
			isa = PBXVariantGroup;
			children = (
				538C4AEE242CAC82003F16F4 /* Base */,
			);
			name = LaunchScreen.storyboard;
			sourceTree = "<group>";
		};
/* End PBXVariantGroup section */

/* Begin XCBuildConfiguration section */
		538C4AF1242CAC82003F16F4 /* Debug */ = {
			isa = XCBuildConfiguration;
			buildSettings = {
				ALWAYS_SEARCH_USER_PATHS = NO;
				CLANG_ANALYZER_NONNULL = YES;
				CLANG_ANALYZER_NUMBER_OBJECT_CONVERSION = YES_AGGRESSIVE;
				CLANG_CXX_LANGUAGE_STANDARD = "gnu++14";
				CLANG_CXX_LIBRARY = "libc++";
				CLANG_ENABLE_MODULES = YES;
				CLANG_ENABLE_OBJC_ARC = YES;
				CLANG_ENABLE_OBJC_WEAK = YES;
				CLANG_WARN_BLOCK_CAPTURE_AUTORELEASING = YES;
				CLANG_WARN_BOOL_CONVERSION = YES;
				CLANG_WARN_COMMA = YES;
				CLANG_WARN_CONSTANT_CONVERSION = YES;
				CLANG_WARN_DEPRECATED_OBJC_IMPLEMENTATIONS = YES;
				CLANG_WARN_DIRECT_OBJC_ISA_USAGE = YES_ERROR;
				CLANG_WARN_DOCUMENTATION_COMMENTS = YES;
				CLANG_WARN_EMPTY_BODY = YES;
				CLANG_WARN_ENUM_CONVERSION = YES;
				CLANG_WARN_INFINITE_RECURSION = YES;
				CLANG_WARN_INT_CONVERSION = YES;
				CLANG_WARN_NON_LITERAL_NULL_CONVERSION = YES;
				CLANG_WARN_OBJC_IMPLICIT_RETAIN_SELF = YES;
				CLANG_WARN_OBJC_LITERAL_CONVERSION = YES;
				CLANG_WARN_OBJC_ROOT_CLASS = YES_ERROR;
				CLANG_WARN_RANGE_LOOP_ANALYSIS = YES;
				CLANG_WARN_STRICT_PROTOTYPES = YES;
				CLANG_WARN_SUSPICIOUS_MOVE = YES;
				CLANG_WARN_UNGUARDED_AVAILABILITY = YES_AGGRESSIVE;
				CLANG_WARN_UNREACHABLE_CODE = YES;
				CLANG_WARN__DUPLICATE_METHOD_MATCH = YES;
				COPY_PHASE_STRIP = NO;
				DEBUG_INFORMATION_FORMAT = dwarf;
				ENABLE_STRICT_OBJC_MSGSEND = YES;
				ENABLE_TESTABILITY = YES;
				GCC_C_LANGUAGE_STANDARD = gnu11;
				GCC_DYNAMIC_NO_PIC = NO;
				GCC_NO_COMMON_BLOCKS = YES;
				GCC_OPTIMIZATION_LEVEL = 0;
				GCC_PREPROCESSOR_DEFINITIONS = (
					"DEBUG=1",
					"$(inherited)",
				);
				GCC_WARN_64_TO_32_BIT_CONVERSION = YES;
				GCC_WARN_ABOUT_RETURN_TYPE = YES_ERROR;
				GCC_WARN_UNDECLARED_SELECTOR = YES;
				GCC_WARN_UNINITIALIZED_AUTOS = YES_AGGRESSIVE;
				GCC_WARN_UNUSED_FUNCTION = YES;
				GCC_WARN_UNUSED_VARIABLE = YES;
				IPHONEOS_DEPLOYMENT_TARGET = 13.2;
				MTL_ENABLE_DEBUG_INFO = INCLUDE_SOURCE;
				MTL_FAST_MATH = YES;
				ONLY_ACTIVE_ARCH = YES;
				SDKROOT = iphoneos;
				SWIFT_ACTIVE_COMPILATION_CONDITIONS = DEBUG;
				SWIFT_OPTIMIZATION_LEVEL = "-Onone";
			};
			name = Debug;
		};
		538C4AF2242CAC82003F16F4 /* Release */ = {
			isa = XCBuildConfiguration;
			buildSettings = {
				ALWAYS_SEARCH_USER_PATHS = NO;
				CLANG_ANALYZER_NONNULL = YES;
				CLANG_ANALYZER_NUMBER_OBJECT_CONVERSION = YES_AGGRESSIVE;
				CLANG_CXX_LANGUAGE_STANDARD = "gnu++14";
				CLANG_CXX_LIBRARY = "libc++";
				CLANG_ENABLE_MODULES = YES;
				CLANG_ENABLE_OBJC_ARC = YES;
				CLANG_ENABLE_OBJC_WEAK = YES;
				CLANG_WARN_BLOCK_CAPTURE_AUTORELEASING = YES;
				CLANG_WARN_BOOL_CONVERSION = YES;
				CLANG_WARN_COMMA = YES;
				CLANG_WARN_CONSTANT_CONVERSION = YES;
				CLANG_WARN_DEPRECATED_OBJC_IMPLEMENTATIONS = YES;
				CLANG_WARN_DIRECT_OBJC_ISA_USAGE = YES_ERROR;
				CLANG_WARN_DOCUMENTATION_COMMENTS = YES;
				CLANG_WARN_EMPTY_BODY = YES;
				CLANG_WARN_ENUM_CONVERSION = YES;
				CLANG_WARN_INFINITE_RECURSION = YES;
				CLANG_WARN_INT_CONVERSION = YES;
				CLANG_WARN_NON_LITERAL_NULL_CONVERSION = YES;
				CLANG_WARN_OBJC_IMPLICIT_RETAIN_SELF = YES;
				CLANG_WARN_OBJC_LITERAL_CONVERSION = YES;
				CLANG_WARN_OBJC_ROOT_CLASS = YES_ERROR;
				CLANG_WARN_RANGE_LOOP_ANALYSIS = YES;
				CLANG_WARN_STRICT_PROTOTYPES = YES;
				CLANG_WARN_SUSPICIOUS_MOVE = YES;
				CLANG_WARN_UNGUARDED_AVAILABILITY = YES_AGGRESSIVE;
				CLANG_WARN_UNREACHABLE_CODE = YES;
				CLANG_WARN__DUPLICATE_METHOD_MATCH = YES;
				COPY_PHASE_STRIP = NO;
				DEBUG_INFORMATION_FORMAT = "dwarf-with-dsym";
				ENABLE_NS_ASSERTIONS = NO;
				ENABLE_STRICT_OBJC_MSGSEND = YES;
				GCC_C_LANGUAGE_STANDARD = gnu11;
				GCC_NO_COMMON_BLOCKS = YES;
				GCC_WARN_64_TO_32_BIT_CONVERSION = YES;
				GCC_WARN_ABOUT_RETURN_TYPE = YES_ERROR;
				GCC_WARN_UNDECLARED_SELECTOR = YES;
				GCC_WARN_UNINITIALIZED_AUTOS = YES_AGGRESSIVE;
				GCC_WARN_UNUSED_FUNCTION = YES;
				GCC_WARN_UNUSED_VARIABLE = YES;
				IPHONEOS_DEPLOYMENT_TARGET = 13.2;
				MTL_ENABLE_DEBUG_INFO = NO;
				MTL_FAST_MATH = YES;
				SDKROOT = iphoneos;
				SWIFT_COMPILATION_MODE = wholemodule;
				SWIFT_OPTIMIZATION_LEVEL = "-O";
				VALIDATE_PRODUCT = YES;
			};
			name = Release;
		};
		538C4AF4242CAC82003F16F4 /* Debug */ = {
			isa = XCBuildConfiguration;
			buildSettings = {
				ASSETCATALOG_COMPILER_APPICON_NAME = AppIcon;
				CODE_SIGN_ENTITLEMENTS = Optimin/Optimin.entitlements;
				CODE_SIGN_STYLE = Automatic;
				DEVELOPMENT_TEAM = YKPQ92PAK3;
				INFOPLIST_FILE = "";
				"INFOPLIST_FILE[sdk=*]" = Optimin/Resources/Info.plist;
				IPHONEOS_DEPLOYMENT_TARGET = 13.0;
				LD_RUNPATH_SEARCH_PATHS = (
					"$(inherited)",
					"@executable_path/Frameworks",
				);
				PRODUCT_BUNDLE_IDENTIFIER = com.reynaldiwijaya.Optimin;
				PRODUCT_NAME = "$(TARGET_NAME)";
				SWIFT_VERSION = 5.0;
				TARGETED_DEVICE_FAMILY = "1,2";
			};
			name = Debug;
		};
		538C4AF5242CAC82003F16F4 /* Release */ = {
			isa = XCBuildConfiguration;
			buildSettings = {
				ASSETCATALOG_COMPILER_APPICON_NAME = AppIcon;
				CODE_SIGN_ENTITLEMENTS = Optimin/Optimin.entitlements;
				CODE_SIGN_STYLE = Automatic;
				DEVELOPMENT_TEAM = YKPQ92PAK3;
				INFOPLIST_FILE = "";
				"INFOPLIST_FILE[sdk=*]" = Optimin/Resources/Info.plist;
				IPHONEOS_DEPLOYMENT_TARGET = 13.0;
				LD_RUNPATH_SEARCH_PATHS = (
					"$(inherited)",
					"@executable_path/Frameworks",
				);
				PRODUCT_BUNDLE_IDENTIFIER = com.reynaldiwijaya.Optimin;
				PRODUCT_NAME = "$(TARGET_NAME)";
				SWIFT_VERSION = 5.0;
				TARGETED_DEVICE_FAMILY = "1,2";
			};
			name = Release;
		};
/* End XCBuildConfiguration section */

/* Begin XCConfigurationList section */
		538C4ADA242CAC80003F16F4 /* Build configuration list for PBXProject "Optimin" */ = {
			isa = XCConfigurationList;
			buildConfigurations = (
				538C4AF1242CAC82003F16F4 /* Debug */,
				538C4AF2242CAC82003F16F4 /* Release */,
			);
			defaultConfigurationIsVisible = 0;
			defaultConfigurationName = Release;
		};
		538C4AF3242CAC82003F16F4 /* Build configuration list for PBXNativeTarget "Optimin" */ = {
			isa = XCConfigurationList;
			buildConfigurations = (
				538C4AF4242CAC82003F16F4 /* Debug */,
				538C4AF5242CAC82003F16F4 /* Release */,
			);
			defaultConfigurationIsVisible = 0;
			defaultConfigurationName = Release;
		};
/* End XCConfigurationList section */
	};
	rootObject = 538C4AD7242CAC80003F16F4 /* Project object */;
}
